
Microsoft Visual Studio Solution File, Format Version 12.00
# Visual Studio 15
VisualStudioVersion = 15.0.27703.2035
MinimumVisualStudioVersion = 10.0.40219.1
Project("{9A19103F-16F7-4668-BE54-9A1E7A4F7556}") = "Selenium.Framework.Core", "Selenium.Framework.Core\Selenium.Framework.Core.csproj", "{F5A0ACD5-B51B-4725-AF98-B402B1FC9C0E}"
EndProject
Project("{9A19103F-16F7-4668-BE54-9A1E7A4F7556}") = "Selenium.UnitTest.Core", "Selenium.UnitTest.Core\Selenium.UnitTest.Core.csproj", "{8D6B6979-2C17-4341-AE46-73DABAD92A71}"
EndProject
Project("{FAE04EC0-301F-11D3-BF4B-00C04F79EFBC}") = "Selenium.Framework", "Selenium.Framework\Selenium.Framework.csproj", "{BA3A56A2-9C1C-4C46-84ED-7CB638F40234}"
EndProject
Project("{FAE04EC0-301F-11D3-BF4B-00C04F79EFBC}") = "Selenium.UnitTest", "Selenium.UnitTest\Selenium.UnitTest.csproj", "{BDEFD93B-55C8-4087-B6AD-361F545F9FE0}"
EndProject
Global
	GlobalSection(SolutionConfigurationPlatforms) = preSolution
		Debug|Any CPU = Debug|Any CPU
		Release|Any CPU = Release|Any CPU
	EndGlobalSection
	GlobalSection(ProjectConfigurationPlatforms) = postSolution
		{F5A0ACD5-B51B-4725-AF98-B402B1FC9C0E}.Debug|Any CPU.ActiveCfg = Debug|Any CPU
		{F5A0ACD5-B51B-4725-AF98-B402B1FC9C0E}.Debug|Any CPU.Build.0 = Debug|Any CPU
		{F5A0ACD5-B51B-4725-AF98-B402B1FC9C0E}.Release|Any CPU.ActiveCfg = Release|Any CPU
		{F5A0ACD5-B51B-4725-AF98-B402B1FC9C0E}.Release|Any CPU.Build.0 = Release|Any CPU
		{8D6B6979-2C17-4341-AE46-73DABAD92A71}.Debug|Any CPU.ActiveCfg = Debug|Any CPU
		{8D6B6979-2C17-4341-AE46-73DABAD92A71}.Debug|Any CPU.Build.0 = Debug|Any CPU
		{8D6B6979-2C17-4341-AE46-73DABAD92A71}.Release|Any CPU.ActiveCfg = Release|Any CPU
		{8D6B6979-2C17-4341-AE46-73DABAD92A71}.Release|Any CPU.Build.0 = Release|Any CPU
		{BA3A56A2-9C1C-4C46-84ED-7CB638F40234}.Debug|Any CPU.ActiveCfg = Debug|Any CPU
		{BA3A56A2-9C1C-4C46-84ED-7CB638F40234}.Debug|Any CPU.Build.0 = Debug|Any CPU
		{BA3A56A2-9C1C-4C46-84ED-7CB638F40234}.Release|Any CPU.ActiveCfg = Release|Any CPU
		{BA3A56A2-9C1C-4C46-84ED-7CB638F40234}.Release|Any CPU.Build.0 = Release|Any CPU
		{BDEFD93B-55C8-4087-B6AD-361F545F9FE0}.Debug|Any CPU.ActiveCfg = Debug|Any CPU
		{BDEFD93B-55C8-4087-B6AD-361F545F9FE0}.Debug|Any CPU.Build.0 = Debug|Any CPU
		{BDEFD93B-55C8-4087-B6AD-361F545F9FE0}.Release|Any CPU.ActiveCfg = Release|Any CPU
		{BDEFD93B-55C8-4087-B6AD-361F545F9FE0}.Release|Any CPU.Build.0 = Release|Any CPU
	EndGlobalSection
	GlobalSection(SolutionProperties) = preSolution
		HideSolutionNode = FALSE
	EndGlobalSection
	GlobalSection(ExtensibilityGlobals) = postSolution
		SolutionGuid = {2A00165A-514C-4527-A074-775F8D38F7EA}
	EndGlobalSection
EndGlobal
